// !$*UTF8*$!
{
	archiveVersion = 1;
	classes = {
	};
	objectVersion = 56;
	objects = {

/* Begin PBXBuildFile section */
		2214230B28E24603004A8F3D /* AppDelegate.swift in Sources */ = {isa = PBXBuildFile; fileRef = 2214230A28E24603004A8F3D /* AppDelegate.swift */; };
		2214230D28E24603004A8F3D /* SceneDelegate.swift in Sources */ = {isa = PBXBuildFile; fileRef = 2214230C28E24603004A8F3D /* SceneDelegate.swift */; };
		2214230F28E24603004A8F3D /* ViewController.swift in Sources */ = {isa = PBXBuildFile; fileRef = 2214230E28E24603004A8F3D /* ViewController.swift */; };
		2214231528E24603004A8F3D /* Task_Master.xcdatamodeld in Sources */ = {isa = PBXBuildFile; fileRef = 2214231328E24603004A8F3D /* Task_Master.xcdatamodeld */; };
		2214231728E24604004A8F3D /* Assets.xcassets in Resources */ = {isa = PBXBuildFile; fileRef = 2214231628E24604004A8F3D /* Assets.xcassets */; };
		2214231A28E24604004A8F3D /* LaunchScreen.storyboard in Resources */ = {isa = PBXBuildFile; fileRef = 2214231828E24604004A8F3D /* LaunchScreen.storyboard */; };
		2214232528E24604004A8F3D /* Task_MasterTests.swift in Sources */ = {isa = PBXBuildFile; fileRef = 2214232428E24604004A8F3D /* Task_MasterTests.swift */; };
		2214232F28E24604004A8F3D /* Task_MasterUITests.swift in Sources */ = {isa = PBXBuildFile; fileRef = 2214232E28E24604004A8F3D /* Task_MasterUITests.swift */; };
		2214233128E24604004A8F3D /* Task_MasterUITestsLaunchTests.swift in Sources */ = {isa = PBXBuildFile; fileRef = 2214233028E24604004A8F3D /* Task_MasterUITestsLaunchTests.swift */; };
		2214234A28E24C83004A8F3D /* PureLayout in Frameworks */ = {isa = PBXBuildFile; productRef = 2214234928E24C83004A8F3D /* PureLayout */; };
/* End PBXBuildFile section */

/* Begin PBXContainerItemProxy section */
		2214232128E24604004A8F3D /* PBXContainerItemProxy */ = {
			isa = PBXContainerItemProxy;
			containerPortal = 221422FF28E24603004A8F3D /* Project object */;
			proxyType = 1;
			remoteGlobalIDString = 2214230628E24603004A8F3D;
			remoteInfo = "Task Master";
		};
		2214232B28E24604004A8F3D /* PBXContainerItemProxy */ = {
			isa = PBXContainerItemProxy;
			containerPortal = 221422FF28E24603004A8F3D /* Project object */;
			proxyType = 1;
			remoteGlobalIDString = 2214230628E24603004A8F3D;
			remoteInfo = "Task Master";
		};
/* End PBXContainerItemProxy section */

/* Begin PBXFileReference section */
		2214230728E24603004A8F3D /* Task Master.app */ = {isa = PBXFileReference; explicitFileType = wrapper.application; includeInIndex = 0; path = "Task Master.app"; sourceTree = BUILT_PRODUCTS_DIR; };
		2214230A28E24603004A8F3D /* AppDelegate.swift */ = {isa = PBXFileReference; lastKnownFileType = sourcecode.swift; path = AppDelegate.swift; sourceTree = "<group>"; };
		2214230C28E24603004A8F3D /* SceneDelegate.swift */ = {isa = PBXFileReference; lastKnownFileType = sourcecode.swift; path = SceneDelegate.swift; sourceTree = "<group>"; };
		2214230E28E24603004A8F3D /* ViewController.swift */ = {isa = PBXFileReference; lastKnownFileType = sourcecode.swift; path = ViewController.swift; sourceTree = "<group>"; };
		2214231428E24603004A8F3D /* Task_Master.xcdatamodel */ = {isa = PBXFileReference; lastKnownFileType = wrapper.xcdatamodel; path = Task_Master.xcdatamodel; sourceTree = "<group>"; };
		2214231628E24604004A8F3D /* Assets.xcassets */ = {isa = PBXFileReference; lastKnownFileType = folder.assetcatalog; path = Assets.xcassets; sourceTree = "<group>"; };
		2214231928E24604004A8F3D /* Base */ = {isa = PBXFileReference; lastKnownFileType = file.storyboard; name = Base; path = Base.lproj/LaunchScreen.storyboard; sourceTree = "<group>"; };
		2214231B28E24604004A8F3D /* Info.plist */ = {isa = PBXFileReference; lastKnownFileType = text.plist.xml; path = Info.plist; sourceTree = "<group>"; };
		2214232028E24604004A8F3D /* Task MasterTests.xctest */ = {isa = PBXFileReference; explicitFileType = wrapper.cfbundle; includeInIndex = 0; path = "Task MasterTests.xctest"; sourceTree = BUILT_PRODUCTS_DIR; };
		2214232428E24604004A8F3D /* Task_MasterTests.swift */ = {isa = PBXFileReference; lastKnownFileType = sourcecode.swift; path = Task_MasterTests.swift; sourceTree = "<group>"; };
		2214232A28E24604004A8F3D /* Task MasterUITests.xctest */ = {isa = PBXFileReference; explicitFileType = wrapper.cfbundle; includeInIndex = 0; path = "Task MasterUITests.xctest"; sourceTree = BUILT_PRODUCTS_DIR; };
		2214232E28E24604004A8F3D /* Task_MasterUITests.swift */ = {isa = PBXFileReference; lastKnownFileType = sourcecode.swift; path = Task_MasterUITests.swift; sourceTree = "<group>"; };
		2214233028E24604004A8F3D /* Task_MasterUITestsLaunchTests.swift */ = {isa = PBXFileReference; lastKnownFileType = sourcecode.swift; path = Task_MasterUITestsLaunchTests.swift; sourceTree = "<group>"; };
/* End PBXFileReference section */

/* Begin PBXFrameworksBuildPhase section */
		2214230428E24603004A8F3D /* Frameworks */ = {
			isa = PBXFrameworksBuildPhase;
			buildActionMask = 2147483647;
			files = (
				2214234A28E24C83004A8F3D /* PureLayout in Frameworks */,
			);
			runOnlyForDeploymentPostprocessing = 0;
		};
		2214231D28E24604004A8F3D /* Frameworks */ = {
			isa = PBXFrameworksBuildPhase;
			buildActionMask = 2147483647;
			files = (
			);
			runOnlyForDeploymentPostprocessing = 0;
		};
		2214232728E24604004A8F3D /* Frameworks */ = {
			isa = PBXFrameworksBuildPhase;
			buildActionMask = 2147483647;
			files = (
			);
			runOnlyForDeploymentPostprocessing = 0;
		};
/* End PBXFrameworksBuildPhase section */

/* Begin PBXGroup section */
		221422FE28E24603004A8F3D = {
			isa = PBXGroup;
			children = (
				2214230928E24603004A8F3D /* Task Master */,
				2214232328E24604004A8F3D /* Task MasterTests */,
				2214232D28E24604004A8F3D /* Task MasterUITests */,
				2214230828E24603004A8F3D /* Products */,
			);
			sourceTree = "<group>";
		};
		2214230828E24603004A8F3D /* Products */ = {
			isa = PBXGroup;
			children = (
				2214230728E24603004A8F3D /* Task Master.app */,
				2214232028E24604004A8F3D /* Task MasterTests.xctest */,
				2214232A28E24604004A8F3D /* Task MasterUITests.xctest */,
			);
			name = Products;
			sourceTree = "<group>";
		};
		2214230928E24603004A8F3D /* Task Master */ = {
			isa = PBXGroup;
			children = (
				2214234728E24B66004A8F3D /* Supporting Files */,
				2214233D28E24731004A8F3D /* Views */,
				2214231328E24603004A8F3D /* Task_Master.xcdatamodeld */,
			);
			path = "Task Master";
			sourceTree = "<group>";
		};
		2214232328E24604004A8F3D /* Task MasterTests */ = {
			isa = PBXGroup;
			children = (
				2214232428E24604004A8F3D /* Task_MasterTests.swift */,
			);
			path = "Task MasterTests";
			sourceTree = "<group>";
		};
		2214232D28E24604004A8F3D /* Task MasterUITests */ = {
			isa = PBXGroup;
			children = (
				2214232E28E24604004A8F3D /* Task_MasterUITests.swift */,
				2214233028E24604004A8F3D /* Task_MasterUITestsLaunchTests.swift */,
			);
			path = "Task MasterUITests";
			sourceTree = "<group>";
		};
		2214233D28E24731004A8F3D /* Views */ = {
			isa = PBXGroup;
			children = (
				2214231828E24604004A8F3D /* LaunchScreen.storyboard */,
				2214234428E24B35004A8F3D /* Subtasks */,
				2214234028E24AC4004A8F3D /* Tasks */,
				2214233E28E24A9D004A8F3D /* Folders */,
			);
			path = Views;
			sourceTree = "<group>";
		};
		2214233E28E24A9D004A8F3D /* Folders */ = {
			isa = PBXGroup;
			children = (
				2214234228E24B1F004A8F3D /* View Controllers */,
				2214233F28E24AAC004A8F3D /* Views */,
			);
			path = Folders;
			sourceTree = "<group>";
		};
		2214233F28E24AAC004A8F3D /* Views */ = {
			isa = PBXGroup;
			children = (
			);
			path = Views;
			sourceTree = "<group>";
		};
		2214234028E24AC4004A8F3D /* Tasks */ = {
			isa = PBXGroup;
			children = (
				2214234328E24B2C004A8F3D /* View Controllers */,
				2214234128E24B0C004A8F3D /* Views */,
			);
			path = Tasks;
			sourceTree = "<group>";
		};
		2214234128E24B0C004A8F3D /* Views */ = {
			isa = PBXGroup;
			children = (
			);
			path = Views;
			sourceTree = "<group>";
		};
		2214234228E24B1F004A8F3D /* View Controllers */ = {
			isa = PBXGroup;
			children = (
				2214230E28E24603004A8F3D /* ViewController.swift */,
			);
			path = "View Controllers";
			sourceTree = "<group>";
		};
		2214234328E24B2C004A8F3D /* View Controllers */ = {
			isa = PBXGroup;
			children = (
			);
			path = "View Controllers";
			sourceTree = "<group>";
		};
		2214234428E24B35004A8F3D /* Subtasks */ = {
			isa = PBXGroup;
			children = (
				2214234628E24B4F004A8F3D /* View Controllers */,
				2214234528E24B4A004A8F3D /* Views */,
			);
			path = Subtasks;
			sourceTree = "<group>";
		};
		2214234528E24B4A004A8F3D /* Views */ = {
			isa = PBXGroup;
			children = (
			);
			path = Views;
			sourceTree = "<group>";
		};
		2214234628E24B4F004A8F3D /* View Controllers */ = {
			isa = PBXGroup;
			children = (
			);
			path = "View Controllers";
			sourceTree = "<group>";
		};
		2214234728E24B66004A8F3D /* Supporting Files */ = {
			isa = PBXGroup;
			children = (
				2214230A28E24603004A8F3D /* AppDelegate.swift */,
				2214230C28E24603004A8F3D /* SceneDelegate.swift */,
				2214231628E24604004A8F3D /* Assets.xcassets */,
				2214231B28E24604004A8F3D /* Info.plist */,
			);
			path = "Supporting Files";
			sourceTree = "<group>";
		};
/* End PBXGroup section */

/* Begin PBXNativeTarget section */
		2214230628E24603004A8F3D /* Task Master */ = {
			isa = PBXNativeTarget;
			buildConfigurationList = 2214233428E24604004A8F3D /* Build configuration list for PBXNativeTarget "Task Master" */;
			buildPhases = (
				2214230328E24603004A8F3D /* Sources */,
				2214230428E24603004A8F3D /* Frameworks */,
				2214230528E24603004A8F3D /* Resources */,
			);
			buildRules = (
			);
			dependencies = (
			);
			name = "Task Master";
			packageProductDependencies = (
				2214234928E24C83004A8F3D /* PureLayout */,
			);
			productName = "Task Master";
			productReference = 2214230728E24603004A8F3D /* Task Master.app */;
			productType = "com.apple.product-type.application";
		};
		2214231F28E24604004A8F3D /* Task MasterTests */ = {
			isa = PBXNativeTarget;
			buildConfigurationList = 2214233728E24604004A8F3D /* Build configuration list for PBXNativeTarget "Task MasterTests" */;
			buildPhases = (
				2214231C28E24604004A8F3D /* Sources */,
				2214231D28E24604004A8F3D /* Frameworks */,
				2214231E28E24604004A8F3D /* Resources */,
			);
			buildRules = (
			);
			dependencies = (
				2214232228E24604004A8F3D /* PBXTargetDependency */,
			);
			name = "Task MasterTests";
			productName = "Task MasterTests";
			productReference = 2214232028E24604004A8F3D /* Task MasterTests.xctest */;
			productType = "com.apple.product-type.bundle.unit-test";
		};
		2214232928E24604004A8F3D /* Task MasterUITests */ = {
			isa = PBXNativeTarget;
			buildConfigurationList = 2214233A28E24604004A8F3D /* Build configuration list for PBXNativeTarget "Task MasterUITests" */;
			buildPhases = (
				2214232628E24604004A8F3D /* Sources */,
				2214232728E24604004A8F3D /* Frameworks */,
				2214232828E24604004A8F3D /* Resources */,
			);
			buildRules = (
			);
			dependencies = (
				2214232C28E24604004A8F3D /* PBXTargetDependency */,
			);
			name = "Task MasterUITests";
			productName = "Task MasterUITests";
			productReference = 2214232A28E24604004A8F3D /* Task MasterUITests.xctest */;
			productType = "com.apple.product-type.bundle.ui-testing";
		};
/* End PBXNativeTarget section */

/* Begin PBXProject section */
		221422FF28E24603004A8F3D /* Project object */ = {
			isa = PBXProject;
			attributes = {
				BuildIndependentTargetsInParallel = 1;
				LastSwiftUpdateCheck = 1400;
				LastUpgradeCheck = 1400;
				TargetAttributes = {
					2214230628E24603004A8F3D = {
						CreatedOnToolsVersion = 14.0;
					};
					2214231F28E24604004A8F3D = {
						CreatedOnToolsVersion = 14.0;
						TestTargetID = 2214230628E24603004A8F3D;
					};
					2214232928E24604004A8F3D = {
						CreatedOnToolsVersion = 14.0;
						TestTargetID = 2214230628E24603004A8F3D;
					};
				};
			};
			buildConfigurationList = 2214230228E24603004A8F3D /* Build configuration list for PBXProject "Task Master" */;
			compatibilityVersion = "Xcode 14.0";
			developmentRegion = en;
			hasScannedForEncodings = 0;
			knownRegions = (
				en,
				Base,
			);
			mainGroup = 221422FE28E24603004A8F3D;
			packageReferences = (
				2214234828E24C83004A8F3D /* XCRemoteSwiftPackageReference "PureLayout" */,
			);
			productRefGroup = 2214230828E24603004A8F3D /* Products */;
			projectDirPath = "";
			projectRoot = "";
			targets = (
				2214230628E24603004A8F3D /* Task Master */,
				2214231F28E24604004A8F3D /* Task MasterTests */,
				2214232928E24604004A8F3D /* Task MasterUITests */,
			);
		};
/* End PBXProject section */

/* Begin PBXResourcesBuildPhase section */
		2214230528E24603004A8F3D /* Resources */ = {
			isa = PBXResourcesBuildPhase;
			buildActionMask = 2147483647;
			files = (
				2214231A28E24604004A8F3D /* LaunchScreen.storyboard in Resources */,
				2214231728E24604004A8F3D /* Assets.xcassets in Resources */,
			);
			runOnlyForDeploymentPostprocessing = 0;
		};
		2214231E28E24604004A8F3D /* Resources */ = {
			isa = PBXResourcesBuildPhase;
			buildActionMask = 2147483647;
			files = (
			);
			runOnlyForDeploymentPostprocessing = 0;
		};
		2214232828E24604004A8F3D /* Resources */ = {
			isa = PBXResourcesBuildPhase;
			buildActionMask = 2147483647;
			files = (
			);
			runOnlyForDeploymentPostprocessing = 0;
		};
/* End PBXResourcesBuildPhase section */

/* Begin PBXSourcesBuildPhase section */
		2214230328E24603004A8F3D /* Sources */ = {
			isa = PBXSourcesBuildPhase;
			buildActionMask = 2147483647;
			files = (
				2214230F28E24603004A8F3D /* ViewController.swift in Sources */,
				2214230B28E24603004A8F3D /* AppDelegate.swift in Sources */,
				2214231528E24603004A8F3D /* Task_Master.xcdatamodeld in Sources */,
				2214230D28E24603004A8F3D /* SceneDelegate.swift in Sources */,
			);
			runOnlyForDeploymentPostprocessing = 0;
		};
		2214231C28E24604004A8F3D /* Sources */ = {
			isa = PBXSourcesBuildPhase;
			buildActionMask = 2147483647;
			files = (
				2214232528E24604004A8F3D /* Task_MasterTests.swift in Sources */,
			);
			runOnlyForDeploymentPostprocessing = 0;
		};
		2214232628E24604004A8F3D /* Sources */ = {
			isa = PBXSourcesBuildPhase;
			buildActionMask = 2147483647;
			files = (
				2214232F28E24604004A8F3D /* Task_MasterUITests.swift in Sources */,
				2214233128E24604004A8F3D /* Task_MasterUITestsLaunchTests.swift in Sources */,
			);
			runOnlyForDeploymentPostprocessing = 0;
		};
/* End PBXSourcesBuildPhase section */

/* Begin PBXTargetDependency section */
		2214232228E24604004A8F3D /* PBXTargetDependency */ = {
			isa = PBXTargetDependency;
			target = 2214230628E24603004A8F3D /* Task Master */;
			targetProxy = 2214232128E24604004A8F3D /* PBXContainerItemProxy */;
		};
		2214232C28E24604004A8F3D /* PBXTargetDependency */ = {
			isa = PBXTargetDependency;
			target = 2214230628E24603004A8F3D /* Task Master */;
			targetProxy = 2214232B28E24604004A8F3D /* PBXContainerItemProxy */;
		};
/* End PBXTargetDependency section */

/* Begin PBXVariantGroup section */
		2214231828E24604004A8F3D /* LaunchScreen.storyboard */ = {
			isa = PBXVariantGroup;
			children = (
				2214231928E24604004A8F3D /* Base */,
			);
			name = LaunchScreen.storyboard;
			sourceTree = "<group>";
		};
/* End PBXVariantGroup section */

/* Begin XCBuildConfiguration section */
		2214233228E24604004A8F3D /* Debug */ = {
			isa = XCBuildConfiguration;
			buildSettings = {
				ALWAYS_SEARCH_USER_PATHS = NO;
				CLANG_ANALYZER_NONNULL = YES;
				CLANG_ANALYZER_NUMBER_OBJECT_CONVERSION = YES_AGGRESSIVE;
				CLANG_CXX_LANGUAGE_STANDARD = "gnu++20";
				CLANG_ENABLE_MODULES = YES;
				CLANG_ENABLE_OBJC_ARC = YES;
				CLANG_ENABLE_OBJC_WEAK = YES;
				CLANG_WARN_BLOCK_CAPTURE_AUTORELEASING = YES;
				CLANG_WARN_BOOL_CONVERSION = YES;
				CLANG_WARN_COMMA = YES;
				CLANG_WARN_CONSTANT_CONVERSION = YES;
				CLANG_WARN_DEPRECATED_OBJC_IMPLEMENTATIONS = YES;
				CLANG_WARN_DIRECT_OBJC_ISA_USAGE = YES_ERROR;
				CLANG_WARN_DOCUMENTATION_COMMENTS = YES;
				CLANG_WARN_EMPTY_BODY = YES;
				CLANG_WARN_ENUM_CONVERSION = YES;
				CLANG_WARN_INFINITE_RECURSION = YES;
				CLANG_WARN_INT_CONVERSION = YES;
				CLANG_WARN_NON_LITERAL_NULL_CONVERSION = YES;
				CLANG_WARN_OBJC_IMPLICIT_RETAIN_SELF = YES;
				CLANG_WARN_OBJC_LITERAL_CONVERSION = YES;
				CLANG_WARN_OBJC_ROOT_CLASS = YES_ERROR;
				CLANG_WARN_QUOTED_INCLUDE_IN_FRAMEWORK_HEADER = YES;
				CLANG_WARN_RANGE_LOOP_ANALYSIS = YES;
				CLANG_WARN_STRICT_PROTOTYPES = YES;
				CLANG_WARN_SUSPICIOUS_MOVE = YES;
				CLANG_WARN_UNGUARDED_AVAILABILITY = YES_AGGRESSIVE;
				CLANG_WARN_UNREACHABLE_CODE = YES;
				CLANG_WARN__DUPLICATE_METHOD_MATCH = YES;
				COPY_PHASE_STRIP = NO;
				DEBUG_INFORMATION_FORMAT = dwarf;
				ENABLE_STRICT_OBJC_MSGSEND = YES;
				ENABLE_TESTABILITY = YES;
				GCC_C_LANGUAGE_STANDARD = gnu11;
				GCC_DYNAMIC_NO_PIC = NO;
				GCC_NO_COMMON_BLOCKS = YES;
				GCC_OPTIMIZATION_LEVEL = 0;
				GCC_PREPROCESSOR_DEFINITIONS = (
					"DEBUG=1",
					"$(inherited)",
				);
				GCC_WARN_64_TO_32_BIT_CONVERSION = YES;
				GCC_WARN_ABOUT_RETURN_TYPE = YES_ERROR;
				GCC_WARN_UNDECLARED_SELECTOR = YES;
				GCC_WARN_UNINITIALIZED_AUTOS = YES_AGGRESSIVE;
				GCC_WARN_UNUSED_FUNCTION = YES;
				GCC_WARN_UNUSED_VARIABLE = YES;
				IPHONEOS_DEPLOYMENT_TARGET = 16.0;
				MTL_ENABLE_DEBUG_INFO = INCLUDE_SOURCE;
				MTL_FAST_MATH = YES;
				ONLY_ACTIVE_ARCH = YES;
				SDKROOT = iphoneos;
				SWIFT_ACTIVE_COMPILATION_CONDITIONS = DEBUG;
				SWIFT_OPTIMIZATION_LEVEL = "-Onone";
			};
			name = Debug;
		};
		2214233328E24604004A8F3D /* Release */ = {
			isa = XCBuildConfiguration;
			buildSettings = {
				ALWAYS_SEARCH_USER_PATHS = NO;
				CLANG_ANALYZER_NONNULL = YES;
				CLANG_ANALYZER_NUMBER_OBJECT_CONVERSION = YES_AGGRESSIVE;
				CLANG_CXX_LANGUAGE_STANDARD = "gnu++20";
				CLANG_ENABLE_MODULES = YES;
				CLANG_ENABLE_OBJC_ARC = YES;
				CLANG_ENABLE_OBJC_WEAK = YES;
				CLANG_WARN_BLOCK_CAPTURE_AUTORELEASING = YES;
				CLANG_WARN_BOOL_CONVERSION = YES;
				CLANG_WARN_COMMA = YES;
				CLANG_WARN_CONSTANT_CONVERSION = YES;
				CLANG_WARN_DEPRECATED_OBJC_IMPLEMENTATIONS = YES;
				CLANG_WARN_DIRECT_OBJC_ISA_USAGE = YES_ERROR;
				CLANG_WARN_DOCUMENTATION_COMMENTS = YES;
				CLANG_WARN_EMPTY_BODY = YES;
				CLANG_WARN_ENUM_CONVERSION = YES;
				CLANG_WARN_INFINITE_RECURSION = YES;
				CLANG_WARN_INT_CONVERSION = YES;
				CLANG_WARN_NON_LITERAL_NULL_CONVERSION = YES;
				CLANG_WARN_OBJC_IMPLICIT_RETAIN_SELF = YES;
				CLANG_WARN_OBJC_LITERAL_CONVERSION = YES;
				CLANG_WARN_OBJC_ROOT_CLASS = YES_ERROR;
				CLANG_WARN_QUOTED_INCLUDE_IN_FRAMEWORK_HEADER = YES;
				CLANG_WARN_RANGE_LOOP_ANALYSIS = YES;
				CLANG_WARN_STRICT_PROTOTYPES = YES;
				CLANG_WARN_SUSPICIOUS_MOVE = YES;
				CLANG_WARN_UNGUARDED_AVAILABILITY = YES_AGGRESSIVE;
				CLANG_WARN_UNREACHABLE_CODE = YES;
				CLANG_WARN__DUPLICATE_METHOD_MATCH = YES;
				COPY_PHASE_STRIP = NO;
				DEBUG_INFORMATION_FORMAT = "dwarf-with-dsym";
				ENABLE_NS_ASSERTIONS = NO;
				ENABLE_STRICT_OBJC_MSGSEND = YES;
				GCC_C_LANGUAGE_STANDARD = gnu11;
				GCC_NO_COMMON_BLOCKS = YES;
				GCC_WARN_64_TO_32_BIT_CONVERSION = YES;
				GCC_WARN_ABOUT_RETURN_TYPE = YES_ERROR;
				GCC_WARN_UNDECLARED_SELECTOR = YES;
				GCC_WARN_UNINITIALIZED_AUTOS = YES_AGGRESSIVE;
				GCC_WARN_UNUSED_FUNCTION = YES;
				GCC_WARN_UNUSED_VARIABLE = YES;
				IPHONEOS_DEPLOYMENT_TARGET = 16.0;
				MTL_ENABLE_DEBUG_INFO = NO;
				MTL_FAST_MATH = YES;
				SDKROOT = iphoneos;
				SWIFT_COMPILATION_MODE = wholemodule;
				SWIFT_OPTIMIZATION_LEVEL = "-O";
				VALIDATE_PRODUCT = YES;
			};
			name = Release;
		};
		2214233528E24604004A8F3D /* Debug */ = {
			isa = XCBuildConfiguration;
			buildSettings = {
				ASSETCATALOG_COMPILER_APPICON_NAME = AppIcon;
				ASSETCATALOG_COMPILER_GLOBAL_ACCENT_COLOR_NAME = AccentColor;
				CODE_SIGN_STYLE = Automatic;
				CURRENT_PROJECT_VERSION = 1;
				DEVELOPMENT_TEAM = 89JNN3239D;
				GENERATE_INFOPLIST_FILE = YES;
				INFOPLIST_FILE = "Task Master/Info.plist";
				INFOPLIST_KEY_UIApplicationSupportsIndirectInputEvents = YES;
				INFOPLIST_KEY_UILaunchStoryboardName = LaunchScreen;
				INFOPLIST_KEY_UIMainStoryboardFile = "";
				INFOPLIST_KEY_UISupportedInterfaceOrientations_iPad = "UIInterfaceOrientationPortrait UIInterfaceOrientationPortraitUpsideDown UIInterfaceOrientationLandscapeLeft UIInterfaceOrientationLandscapeRight";
				INFOPLIST_KEY_UISupportedInterfaceOrientations_iPhone = "UIInterfaceOrientationPortrait UIInterfaceOrientationLandscapeLeft UIInterfaceOrientationLandscapeRight";
				LD_RUNPATH_SEARCH_PATHS = (
					"$(inherited)",
					"@executable_path/Frameworks",
				);
				MARKETING_VERSION = 1.0;
				PRODUCT_BUNDLE_IDENTIFIER = "com.timbausch.Task-Master";
				PRODUCT_NAME = "$(TARGET_NAME)";
				SWIFT_EMIT_LOC_STRINGS = YES;
				SWIFT_VERSION = 5.0;
				TARGETED_DEVICE_FAMILY = "1,2";
			};
			name = Debug;
		};
		2214233628E24604004A8F3D /* Release */ = {
			isa = XCBuildConfiguration;
			buildSettings = {
				ASSETCATALOG_COMPILER_APPICON_NAME = AppIcon;
				ASSETCATALOG_COMPILER_GLOBAL_ACCENT_COLOR_NAME = AccentColor;
				CODE_SIGN_STYLE = Automatic;
				CURRENT_PROJECT_VERSION = 1;
				DEVELOPMENT_TEAM = 89JNN3239D;
				GENERATE_INFOPLIST_FILE = YES;
				INFOPLIST_FILE = "Task Master/Info.plist";
				INFOPLIST_KEY_UIApplicationSupportsIndirectInputEvents = YES;
				INFOPLIST_KEY_UILaunchStoryboardName = LaunchScreen;
				INFOPLIST_KEY_UIMainStoryboardFile = "";
				INFOPLIST_KEY_UISupportedInterfaceOrientations_iPad = "UIInterfaceOrientationPortrait UIInterfaceOrientationPortraitUpsideDown UIInterfaceOrientationLandscapeLeft UIInterfaceOrientationLandscapeRight";
				INFOPLIST_KEY_UISupportedInterfaceOrientations_iPhone = "UIInterfaceOrientationPortrait UIInterfaceOrientationLandscapeLeft UIInterfaceOrientationLandscapeRight";
				LD_RUNPATH_SEARCH_PATHS = (
					"$(inherited)",
					"@executable_path/Frameworks",
				);
				MARKETING_VERSION = 1.0;
				PRODUCT_BUNDLE_IDENTIFIER = "com.timbausch.Task-Master";
				PRODUCT_NAME = "$(TARGET_NAME)";
				SWIFT_EMIT_LOC_STRINGS = YES;
				SWIFT_VERSION = 5.0;
				TARGETED_DEVICE_FAMILY = "1,2";
			};
			name = Release;
		};
		2214233828E24604004A8F3D /* Debug */ = {
			isa = XCBuildConfiguration;
			buildSettings = {
				ALWAYS_EMBED_SWIFT_STANDARD_LIBRARIES = YES;
				BUNDLE_LOADER = "$(TEST_HOST)";
				CODE_SIGN_STYLE = Automatic;
				CURRENT_PROJECT_VERSION = 1;
				DEVELOPMENT_TEAM = 89JNN3239D;
				GENERATE_INFOPLIST_FILE = YES;
				IPHONEOS_DEPLOYMENT_TARGET = 16.0;
				MARKETING_VERSION = 1.0;
				PRODUCT_BUNDLE_IDENTIFIER = "com.timbausch.Task-MasterTests";
				PRODUCT_NAME = "$(TARGET_NAME)";
				SWIFT_EMIT_LOC_STRINGS = NO;
				SWIFT_VERSION = 5.0;
				TARGETED_DEVICE_FAMILY = "1,2";
				TEST_HOST = "$(BUILT_PRODUCTS_DIR)/Task Master.app/$(BUNDLE_EXECUTABLE_FOLDER_PATH)/Task Master";
			};
			name = Debug;
		};
		2214233928E24604004A8F3D /* Release */ = {
			isa = XCBuildConfiguration;
			buildSettings = {
				ALWAYS_EMBED_SWIFT_STANDARD_LIBRARIES = YES;
				BUNDLE_LOADER = "$(TEST_HOST)";
				CODE_SIGN_STYLE = Automatic;
				CURRENT_PROJECT_VERSION = 1;
				DEVELOPMENT_TEAM = 89JNN3239D;
				GENERATE_INFOPLIST_FILE = YES;
				IPHONEOS_DEPLOYMENT_TARGET = 16.0;
				MARKETING_VERSION = 1.0;
				PRODUCT_BUNDLE_IDENTIFIER = "com.timbausch.Task-MasterTests";
				PRODUCT_NAME = "$(TARGET_NAME)";
				SWIFT_EMIT_LOC_STRINGS = NO;
				SWIFT_VERSION = 5.0;
				TARGETED_DEVICE_FAMILY = "1,2";
				TEST_HOST = "$(BUILT_PRODUCTS_DIR)/Task Master.app/$(BUNDLE_EXECUTABLE_FOLDER_PATH)/Task Master";
			};
			name = Release;
		};
		2214233B28E24604004A8F3D /* Debug */ = {
			isa = XCBuildConfiguration;
			buildSettings = {
				ALWAYS_EMBED_SWIFT_STANDARD_LIBRARIES = YES;
				CODE_SIGN_STYLE = Automatic;
				CURRENT_PROJECT_VERSION = 1;
				DEVELOPMENT_TEAM = 89JNN3239D;
				GENERATE_INFOPLIST_FILE = YES;
				MARKETING_VERSION = 1.0;
				PRODUCT_BUNDLE_IDENTIFIER = "com.timbausch.Task-MasterUITests";
				PRODUCT_NAME = "$(TARGET_NAME)";
				SWIFT_EMIT_LOC_STRINGS = NO;
				SWIFT_VERSION = 5.0;
				TARGETED_DEVICE_FAMILY = "1,2";
				TEST_TARGET_NAME = "Task Master";
			};
			name = Debug;
		};
		2214233C28E24604004A8F3D /* Release */ = {
			isa = XCBuildConfiguration;
			buildSettings = {
				ALWAYS_EMBED_SWIFT_STANDARD_LIBRARIES = YES;
				CODE_SIGN_STYLE = Automatic;
				CURRENT_PROJECT_VERSION = 1;
				DEVELOPMENT_TEAM = 89JNN3239D;
				GENERATE_INFOPLIST_FILE = YES;
				MARKETING_VERSION = 1.0;
				PRODUCT_BUNDLE_IDENTIFIER = "com.timbausch.Task-MasterUITests";
				PRODUCT_NAME = "$(TARGET_NAME)";
				SWIFT_EMIT_LOC_STRINGS = NO;
				SWIFT_VERSION = 5.0;
				TARGETED_DEVICE_FAMILY = "1,2";
				TEST_TARGET_NAME = "Task Master";
			};
			name = Release;
		};
/* End XCBuildConfiguration section */

/* Begin XCConfigurationList section */
		2214230228E24603004A8F3D /* Build configuration list for PBXProject "Task Master" */ = {
			isa = XCConfigurationList;
			buildConfigurations = (
				2214233228E24604004A8F3D /* Debug */,
				2214233328E24604004A8F3D /* Release */,
			);
			defaultConfigurationIsVisible = 0;
			defaultConfigurationName = Release;
		};
		2214233428E24604004A8F3D /* Build configuration list for PBXNativeTarget "Task Master" */ = {
			isa = XCConfigurationList;
			buildConfigurations = (
				2214233528E24604004A8F3D /* Debug */,
				2214233628E24604004A8F3D /* Release */,
			);
			defaultConfigurationIsVisible = 0;
			defaultConfigurationName = Release;
		};
		2214233728E24604004A8F3D /* Build configuration list for PBXNativeTarget "Task MasterTests" */ = {
			isa = XCConfigurationList;
			buildConfigurations = (
				2214233828E24604004A8F3D /* Debug */,
				2214233928E24604004A8F3D /* Release */,
			);
			defaultConfigurationIsVisible = 0;
			defaultConfigurationName = Release;
		};
		2214233A28E24604004A8F3D /* Build configuration list for PBXNativeTarget "Task MasterUITests" */ = {
			isa = XCConfigurationList;
			buildConfigurations = (
				2214233B28E24604004A8F3D /* Debug */,
				2214233C28E24604004A8F3D /* Release */,
			);
			defaultConfigurationIsVisible = 0;
			defaultConfigurationName = Release;
		};
/* End XCConfigurationList section */

/* Begin XCRemoteSwiftPackageReference section */
		2214234828E24C83004A8F3D /* XCRemoteSwiftPackageReference "PureLayout" */ = {
			isa = XCRemoteSwiftPackageReference;
			repositoryURL = "https://github.com/PureLayout/PureLayout";
			requirement = {
				branch = master;
				kind = branch;
			};
		};
/* End XCRemoteSwiftPackageReference section */

/* Begin XCSwiftPackageProductDependency section */
		2214234928E24C83004A8F3D /* PureLayout */ = {
			isa = XCSwiftPackageProductDependency;
			package = 2214234828E24C83004A8F3D /* XCRemoteSwiftPackageReference "PureLayout" */;
			productName = PureLayout;
		};
/* End XCSwiftPackageProductDependency section */

/* Begin XCVersionGroup section */
		2214231328E24603004A8F3D /* Task_Master.xcdatamodeld */ = {
			isa = XCVersionGroup;
			children = (
				2214231428E24603004A8F3D /* Task_Master.xcdatamodel */,
			);
			currentVersion = 2214231428E24603004A8F3D /* Task_Master.xcdatamodel */;
			path = Task_Master.xcdatamodeld;
			sourceTree = "<group>";
			versionGroupType = wrapper.xcdatamodel;
		};
/* End XCVersionGroup section */
	};
	rootObject = 221422FF28E24603004A8F3D /* Project object */;
}
